
Microsoft Visual Studio Solution File, Format Version 11.00
# Visual Studio 2010
Project("{FAE04EC0-301F-11D3-BF4B-00C04F79EFBC}") = "Assembly-CSharp", "Assembly-CSharp.csproj", "{5DA58B58-D368-DC30-64FD-30FAB89A614A}"
EndProject
Project("{FAE04EC0-301F-11D3-BF4B-00C04F79EFBC}") = "Assembly-CSharp-Editor", "Assembly-CSharp-Editor.csproj", "{933536C4-5C04-E665-6CF2-CE7C7048AD03}"
EndProject
Global
	GlobalSection(SolutionConfigurationPlatforms) = preSolution
		Debug|Any CPU = Debug|Any CPU
		Release|Any CPU = Release|Any CPU
	EndGlobalSection
	GlobalSection(ProjectConfigurationPlatforms) = postSolution
		{5DA58B58-D368-DC30-64FD-30FAB89A614A}.Debug|Any CPU.ActiveCfg = Debug|Any CPU
		{5DA58B58-D368-DC30-64FD-30FAB89A614A}.Debug|Any CPU.Build.0 = Debug|Any CPU
		{5DA58B58-D368-DC30-64FD-30FAB89A614A}.Release|Any CPU.ActiveCfg = Release|Any CPU
		{5DA58B58-D368-DC30-64FD-30FAB89A614A}.Release|Any CPU.Build.0 = Release|Any CPU
		{933536C4-5C04-E665-6CF2-CE7C7048AD03}.Debug|Any CPU.ActiveCfg = Debug|Any CPU
		{933536C4-5C04-E665-6CF2-CE7C7048AD03}.Debug|Any CPU.Build.0 = Debug|Any CPU
		{933536C4-5C04-E665-6CF2-CE7C7048AD03}.Release|Any CPU.ActiveCfg = Release|Any CPU
		{933536C4-5C04-E665-6CF2-CE7C7048AD03}.Release|Any CPU.Build.0 = Release|Any CPU
	EndGlobalSection
	GlobalSection(SolutionProperties) = preSolution
		HideSolutionNode = FALSE
	EndGlobalSection
EndGlobal
